
Microsoft Visual Studio Solution File, Format Version 12.00
# Visual Studio Version 17
VisualStudioVersion = 17.3.32811.315
MinimumVisualStudioVersion = 10.0.40219.1
Project("{FAE04EC0-301F-11D3-BF4B-00C04F79EFBC}") = "ExpendedorG2-2024-1", "ExpendedorG2-2024-1.csproj", "{D30959D0-2478-4FE0-9320-E60115AF7AA8}"
EndProject
Global
	GlobalSection(SolutionConfigurationPlatforms) = preSolution
		Debug|Any CPU = Debug|Any CPU
		Release|Any CPU = Release|Any CPU
	EndGlobalSection
	GlobalSection(ProjectConfigurationPlatforms) = postSolution
		{D30959D0-2478-4FE0-9320-E60115AF7AA8}.Debug|Any CPU.ActiveCfg = Debug|Any CPU
		{D30959D0-2478-4FE0-9320-E60115AF7AA8}.Debug|Any CPU.Build.0 = Debug|Any CPU
		{D30959D0-2478-4FE0-9320-E60115AF7AA8}.Release|Any CPU.ActiveCfg = Release|Any CPU
		{D30959D0-2478-4FE0-9320-E60115AF7AA8}.Release|Any CPU.Build.0 = Release|Any CPU
	EndGlobalSection
	GlobalSection(SolutionProperties) = preSolution
		HideSolutionNode = FALSE
	EndGlobalSection
	GlobalSection(ExtensibilityGlobals) = postSolution
		SolutionGuid = {94594441-BABE-4221-B731-6950825BB6B8}
	EndGlobalSection
EndGlobal
